
Microsoft Visual Studio Solution File, Format Version 12.00
# Visual Studio Version 17
VisualStudioVersion = 17.8.34511.84
MinimumVisualStudioVersion = 10.0.40219.1
Project("{9A19103F-16F7-4668-BE54-9A1E7A4F7556}") = "FeedbackHub.Server", "FeedbackHub.Server\FeedbackHub.Server.csproj", "{71D668BE-5605-44B1-A4C6-603C6B7DAE59}"
EndProject
Project("{54A90642-561A-4BB1-A94E-469ADEE60C69}") = "feedbackhub.client", "feedbackhub.client\feedbackhub.client.esproj", "{28C17FBE-F22A-43DE-8733-AFDD7B4851DE}"
EndProject
Project("{2150E333-8FDC-42A3-9474-1A3956D46DE8}") = "Solution Items", "Solution Items", "{664D8724-EB0B-406F-A6C6-D03EA2E53682}"
	ProjectSection(SolutionItems) = preProject
		.gitignore = .gitignore
	EndProjectSection
EndProject
Project("{9A19103F-16F7-4668-BE54-9A1E7A4F7556}") = "FeedbackHub.Domain", "FeedbackHub.Domain\FeedbackHub.Domain.csproj", "{C23C85C7-CCDE-4DA1-AD93-6F582D05CE3A}"
EndProject
Project("{9A19103F-16F7-4668-BE54-9A1E7A4F7556}") = "FeedbackHub.Infrastructure", "FeedbackHub.Infrastructure\FeedbackHub.Infrastructure.csproj", "{E1B29768-8BBB-4467-95F4-DFD83BDAA261}"
EndProject
Project("{FAE04EC0-301F-11D3-BF4B-00C04F79EFBC}") = "FeedbackHub.Logging", "FeedbackHub.Logging\FeedbackHub.Logging.csproj", "{D611DC60-9944-469F-A731-FDCA42368520}"
EndProject
Global
	GlobalSection(SolutionConfigurationPlatforms) = preSolution
		Debug|Any CPU = Debug|Any CPU
		Release|Any CPU = Release|Any CPU
	EndGlobalSection
	GlobalSection(ProjectConfigurationPlatforms) = postSolution
		{71D668BE-5605-44B1-A4C6-603C6B7DAE59}.Debug|Any CPU.ActiveCfg = Debug|Any CPU
		{71D668BE-5605-44B1-A4C6-603C6B7DAE59}.Debug|Any CPU.Build.0 = Debug|Any CPU
		{71D668BE-5605-44B1-A4C6-603C6B7DAE59}.Release|Any CPU.ActiveCfg = Release|Any CPU
		{71D668BE-5605-44B1-A4C6-603C6B7DAE59}.Release|Any CPU.Build.0 = Release|Any CPU
		{28C17FBE-F22A-43DE-8733-AFDD7B4851DE}.Debug|Any CPU.ActiveCfg = Debug|Any CPU
		{28C17FBE-F22A-43DE-8733-AFDD7B4851DE}.Debug|Any CPU.Build.0 = Debug|Any CPU
		{28C17FBE-F22A-43DE-8733-AFDD7B4851DE}.Debug|Any CPU.Deploy.0 = Debug|Any CPU
		{28C17FBE-F22A-43DE-8733-AFDD7B4851DE}.Release|Any CPU.ActiveCfg = Release|Any CPU
		{28C17FBE-F22A-43DE-8733-AFDD7B4851DE}.Release|Any CPU.Build.0 = Release|Any CPU
		{28C17FBE-F22A-43DE-8733-AFDD7B4851DE}.Release|Any CPU.Deploy.0 = Release|Any CPU
		{C23C85C7-CCDE-4DA1-AD93-6F582D05CE3A}.Debug|Any CPU.ActiveCfg = Debug|Any CPU
		{C23C85C7-CCDE-4DA1-AD93-6F582D05CE3A}.Debug|Any CPU.Build.0 = Debug|Any CPU
		{C23C85C7-CCDE-4DA1-AD93-6F582D05CE3A}.Release|Any CPU.ActiveCfg = Release|Any CPU
		{C23C85C7-CCDE-4DA1-AD93-6F582D05CE3A}.Release|Any CPU.Build.0 = Release|Any CPU
		{E1B29768-8BBB-4467-95F4-DFD83BDAA261}.Debug|Any CPU.ActiveCfg = Debug|Any CPU
		{E1B29768-8BBB-4467-95F4-DFD83BDAA261}.Debug|Any CPU.Build.0 = Debug|Any CPU
		{E1B29768-8BBB-4467-95F4-DFD83BDAA261}.Release|Any CPU.ActiveCfg = Release|Any CPU
		{E1B29768-8BBB-4467-95F4-DFD83BDAA261}.Release|Any CPU.Build.0 = Release|Any CPU
		{D611DC60-9944-469F-A731-FDCA42368520}.Debug|Any CPU.ActiveCfg = Debug|Any CPU
		{D611DC60-9944-469F-A731-FDCA42368520}.Debug|Any CPU.Build.0 = Debug|Any CPU
		{D611DC60-9944-469F-A731-FDCA42368520}.Release|Any CPU.ActiveCfg = Release|Any CPU
		{D611DC60-9944-469F-A731-FDCA42368520}.Release|Any CPU.Build.0 = Release|Any CPU
	EndGlobalSection
	GlobalSection(SolutionProperties) = preSolution
		HideSolutionNode = FALSE
	EndGlobalSection
	GlobalSection(ExtensibilityGlobals) = postSolution
		SolutionGuid = {2985D2EF-254C-414F-9F79-AA6B540520DF}
	EndGlobalSection
EndGlobal
